
Microsoft Visual Studio Solution File, Format Version 12.00
# Visual Studio 15
VisualStudioVersion = 15.0.35319.79
MinimumVisualStudioVersion = 10.0.40219.1
Project("{FAE04EC0-301F-11D3-BF4B-00C04F79EFBC}") = "structörnek2", "structörnek2\structörnek2.csproj", "{B38F232F-1BED-4320-8EAB-BE62AB85E2FF}"
EndProject
Global
	GlobalSection(SolutionConfigurationPlatforms) = preSolution
		Debug|Any CPU = Debug|Any CPU
		Release|Any CPU = Release|Any CPU
	EndGlobalSection
	GlobalSection(ProjectConfigurationPlatforms) = postSolution
		{B38F232F-1BED-4320-8EAB-BE62AB85E2FF}.Debug|Any CPU.ActiveCfg = Debug|Any CPU
		{B38F232F-1BED-4320-8EAB-BE62AB85E2FF}.Debug|Any CPU.Build.0 = Debug|Any CPU
		{B38F232F-1BED-4320-8EAB-BE62AB85E2FF}.Release|Any CPU.ActiveCfg = Release|Any CPU
		{B38F232F-1BED-4320-8EAB-BE62AB85E2FF}.Release|Any CPU.Build.0 = Release|Any CPU
	EndGlobalSection
	GlobalSection(SolutionProperties) = preSolution
		HideSolutionNode = FALSE
	EndGlobalSection
	GlobalSection(ExtensibilityGlobals) = postSolution
		SolutionGuid = {B35EEE19-C169-4C06-8F81-8DDC6B7CF070}
	EndGlobalSection
EndGlobal
