
Microsoft Visual Studio Solution File, Format Version 12.00
# Visual Studio 15
VisualStudioVersion = 15.0.35319.79
MinimumVisualStudioVersion = 10.0.40219.1
Project("{FAE04EC0-301F-11D3-BF4B-00C04F79EFBC}") = "overloadingörnek1", "overloadingörnek1\overloadingörnek1.csproj", "{03BD1092-AFBB-4B0D-A874-2BC174A6AF26}"
EndProject
Global
	GlobalSection(SolutionConfigurationPlatforms) = preSolution
		Debug|Any CPU = Debug|Any CPU
		Release|Any CPU = Release|Any CPU
	EndGlobalSection
	GlobalSection(ProjectConfigurationPlatforms) = postSolution
		{03BD1092-AFBB-4B0D-A874-2BC174A6AF26}.Debug|Any CPU.ActiveCfg = Debug|Any CPU
		{03BD1092-AFBB-4B0D-A874-2BC174A6AF26}.Debug|Any CPU.Build.0 = Debug|Any CPU
		{03BD1092-AFBB-4B0D-A874-2BC174A6AF26}.Release|Any CPU.ActiveCfg = Release|Any CPU
		{03BD1092-AFBB-4B0D-A874-2BC174A6AF26}.Release|Any CPU.Build.0 = Release|Any CPU
	EndGlobalSection
	GlobalSection(SolutionProperties) = preSolution
		HideSolutionNode = FALSE
	EndGlobalSection
	GlobalSection(ExtensibilityGlobals) = postSolution
		SolutionGuid = {62AC23DD-3D17-459D-8065-C3D186278A8E}
	EndGlobalSection
EndGlobal
