
Microsoft Visual Studio Solution File, Format Version 12.00
# Visual Studio 15
VisualStudioVersion = 15.0.35319.79
MinimumVisualStudioVersion = 10.0.40219.1
Project("{FAE04EC0-301F-11D3-BF4B-00C04F79EFBC}") = "umlcsharp1", "umlcsharp1\umlcsharp1.csproj", "{77E10D8A-4055-49EF-A72E-1D02CB3E6D22}"
EndProject
Global
	GlobalSection(SolutionConfigurationPlatforms) = preSolution
		Debug|Any CPU = Debug|Any CPU
		Release|Any CPU = Release|Any CPU
	EndGlobalSection
	GlobalSection(ProjectConfigurationPlatforms) = postSolution
		{77E10D8A-4055-49EF-A72E-1D02CB3E6D22}.Debug|Any CPU.ActiveCfg = Debug|Any CPU
		{77E10D8A-4055-49EF-A72E-1D02CB3E6D22}.Debug|Any CPU.Build.0 = Debug|Any CPU
		{77E10D8A-4055-49EF-A72E-1D02CB3E6D22}.Release|Any CPU.ActiveCfg = Release|Any CPU
		{77E10D8A-4055-49EF-A72E-1D02CB3E6D22}.Release|Any CPU.Build.0 = Release|Any CPU
	EndGlobalSection
	GlobalSection(SolutionProperties) = preSolution
		HideSolutionNode = FALSE
	EndGlobalSection
	GlobalSection(ExtensibilityGlobals) = postSolution
		SolutionGuid = {16F6FB97-5394-49F6-BE01-3BAB7D09A7E7}
	EndGlobalSection
EndGlobal
